
Microsoft Visual Studio Solution File, Format Version 12.00
# Visual Studio Version 17
VisualStudioVersion = 17.4.33213.308
MinimumVisualStudioVersion = 10.0.40219.1
Project("{FAE04EC0-301F-11D3-BF4B-00C04F79EFBC}") = "eumatamboV2.Android", "eumatamboV2.Android\eumatamboV2.Android.csproj", "{FA876390-C590-4CAA-B642-A60BF5240F0F}"
EndProject
Project("{FAE04EC0-301F-11D3-BF4B-00C04F79EFBC}") = "eumatamboV2.iOS", "eumatamboV2.iOS\eumatamboV2.iOS.csproj", "{0C55698F-EF9F-4D97-9EDE-FDD9CBC3FD8E}"
EndProject
Project("{FAE04EC0-301F-11D3-BF4B-00C04F79EFBC}") = "eumatamboV2", "eumatamboV2\eumatamboV2.csproj", "{5DD64A12-C191-4602-885F-E4C367E4A10F}"
EndProject
Global
	GlobalSection(SolutionConfigurationPlatforms) = preSolution
		Debug|Any CPU = Debug|Any CPU
		Debug|iPhone = Debug|iPhone
		Debug|iPhoneSimulator = Debug|iPhoneSimulator
		Release|Any CPU = Release|Any CPU
		Release|iPhone = Release|iPhone
		Release|iPhoneSimulator = Release|iPhoneSimulator
	EndGlobalSection
	GlobalSection(ProjectConfigurationPlatforms) = postSolution
		{FA876390-C590-4CAA-B642-A60BF5240F0F}.Debug|Any CPU.ActiveCfg = Debug|Any CPU
		{FA876390-C590-4CAA-B642-A60BF5240F0F}.Debug|Any CPU.Build.0 = Debug|Any CPU
		{FA876390-C590-4CAA-B642-A60BF5240F0F}.Debug|Any CPU.Deploy.0 = Debug|Any CPU
		{FA876390-C590-4CAA-B642-A60BF5240F0F}.Debug|iPhone.ActiveCfg = Debug|Any CPU
		{FA876390-C590-4CAA-B642-A60BF5240F0F}.Debug|iPhone.Build.0 = Debug|Any CPU
		{FA876390-C590-4CAA-B642-A60BF5240F0F}.Debug|iPhone.Deploy.0 = Debug|Any CPU
		{FA876390-C590-4CAA-B642-A60BF5240F0F}.Debug|iPhoneSimulator.ActiveCfg = Debug|Any CPU
		{FA876390-C590-4CAA-B642-A60BF5240F0F}.Debug|iPhoneSimulator.Build.0 = Debug|Any CPU
		{FA876390-C590-4CAA-B642-A60BF5240F0F}.Debug|iPhoneSimulator.Deploy.0 = Debug|Any CPU
		{FA876390-C590-4CAA-B642-A60BF5240F0F}.Release|Any CPU.ActiveCfg = Release|Any CPU
		{FA876390-C590-4CAA-B642-A60BF5240F0F}.Release|Any CPU.Build.0 = Release|Any CPU
		{FA876390-C590-4CAA-B642-A60BF5240F0F}.Release|Any CPU.Deploy.0 = Release|Any CPU
		{FA876390-C590-4CAA-B642-A60BF5240F0F}.Release|iPhone.ActiveCfg = Release|Any CPU
		{FA876390-C590-4CAA-B642-A60BF5240F0F}.Release|iPhone.Build.0 = Release|Any CPU
		{FA876390-C590-4CAA-B642-A60BF5240F0F}.Release|iPhone.Deploy.0 = Release|Any CPU
		{FA876390-C590-4CAA-B642-A60BF5240F0F}.Release|iPhoneSimulator.ActiveCfg = Release|Any CPU
		{FA876390-C590-4CAA-B642-A60BF5240F0F}.Release|iPhoneSimulator.Build.0 = Release|Any CPU
		{FA876390-C590-4CAA-B642-A60BF5240F0F}.Release|iPhoneSimulator.Deploy.0 = Release|Any CPU
		{0C55698F-EF9F-4D97-9EDE-FDD9CBC3FD8E}.Debug|Any CPU.ActiveCfg = Debug|iPhone
		{0C55698F-EF9F-4D97-9EDE-FDD9CBC3FD8E}.Debug|Any CPU.Build.0 = Debug|iPhone
		{0C55698F-EF9F-4D97-9EDE-FDD9CBC3FD8E}.Debug|Any CPU.Deploy.0 = Debug|iPhone
		{0C55698F-EF9F-4D97-9EDE-FDD9CBC3FD8E}.Debug|iPhone.ActiveCfg = Debug|iPhone
		{0C55698F-EF9F-4D97-9EDE-FDD9CBC3FD8E}.Debug|iPhone.Build.0 = Debug|iPhone
		{0C55698F-EF9F-4D97-9EDE-FDD9CBC3FD8E}.Debug|iPhone.Deploy.0 = Debug|iPhone
		{0C55698F-EF9F-4D97-9EDE-FDD9CBC3FD8E}.Debug|iPhoneSimulator.ActiveCfg = Debug|iPhoneSimulator
		{0C55698F-EF9F-4D97-9EDE-FDD9CBC3FD8E}.Debug|iPhoneSimulator.Build.0 = Debug|iPhoneSimulator
		{0C55698F-EF9F-4D97-9EDE-FDD9CBC3FD8E}.Debug|iPhoneSimulator.Deploy.0 = Debug|iPhoneSimulator
		{0C55698F-EF9F-4D97-9EDE-FDD9CBC3FD8E}.Release|Any CPU.ActiveCfg = Release|iPhoneSimulator
		{0C55698F-EF9F-4D97-9EDE-FDD9CBC3FD8E}.Release|Any CPU.Build.0 = Release|iPhoneSimulator
		{0C55698F-EF9F-4D97-9EDE-FDD9CBC3FD8E}.Release|Any CPU.Deploy.0 = Release|iPhoneSimulator
		{0C55698F-EF9F-4D97-9EDE-FDD9CBC3FD8E}.Release|iPhone.ActiveCfg = Release|iPhone
		{0C55698F-EF9F-4D97-9EDE-FDD9CBC3FD8E}.Release|iPhone.Build.0 = Release|iPhone
		{0C55698F-EF9F-4D97-9EDE-FDD9CBC3FD8E}.Release|iPhone.Deploy.0 = Release|iPhone
		{0C55698F-EF9F-4D97-9EDE-FDD9CBC3FD8E}.Release|iPhoneSimulator.ActiveCfg = Release|iPhoneSimulator
		{0C55698F-EF9F-4D97-9EDE-FDD9CBC3FD8E}.Release|iPhoneSimulator.Build.0 = Release|iPhoneSimulator
		{0C55698F-EF9F-4D97-9EDE-FDD9CBC3FD8E}.Release|iPhoneSimulator.Deploy.0 = Release|iPhoneSimulator
		{5DD64A12-C191-4602-885F-E4C367E4A10F}.Debug|Any CPU.ActiveCfg = Debug|Any CPU
		{5DD64A12-C191-4602-885F-E4C367E4A10F}.Debug|Any CPU.Build.0 = Debug|Any CPU
		{5DD64A12-C191-4602-885F-E4C367E4A10F}.Debug|Any CPU.Deploy.0 = Debug|Any CPU
		{5DD64A12-C191-4602-885F-E4C367E4A10F}.Debug|iPhone.ActiveCfg = Debug|Any CPU
		{5DD64A12-C191-4602-885F-E4C367E4A10F}.Debug|iPhone.Build.0 = Debug|Any CPU
		{5DD64A12-C191-4602-885F-E4C367E4A10F}.Debug|iPhone.Deploy.0 = Debug|Any CPU
		{5DD64A12-C191-4602-885F-E4C367E4A10F}.Debug|iPhoneSimulator.ActiveCfg = Debug|Any CPU
		{5DD64A12-C191-4602-885F-E4C367E4A10F}.Debug|iPhoneSimulator.Build.0 = Debug|Any CPU
		{5DD64A12-C191-4602-885F-E4C367E4A10F}.Debug|iPhoneSimulator.Deploy.0 = Debug|Any CPU
		{5DD64A12-C191-4602-885F-E4C367E4A10F}.Release|Any CPU.ActiveCfg = Release|Any CPU
		{5DD64A12-C191-4602-885F-E4C367E4A10F}.Release|Any CPU.Build.0 = Release|Any CPU
		{5DD64A12-C191-4602-885F-E4C367E4A10F}.Release|Any CPU.Deploy.0 = Release|Any CPU
		{5DD64A12-C191-4602-885F-E4C367E4A10F}.Release|iPhone.ActiveCfg = Release|Any CPU
		{5DD64A12-C191-4602-885F-E4C367E4A10F}.Release|iPhone.Build.0 = Release|Any CPU
		{5DD64A12-C191-4602-885F-E4C367E4A10F}.Release|iPhone.Deploy.0 = Release|Any CPU
		{5DD64A12-C191-4602-885F-E4C367E4A10F}.Release|iPhoneSimulator.ActiveCfg = Release|Any CPU
		{5DD64A12-C191-4602-885F-E4C367E4A10F}.Release|iPhoneSimulator.Build.0 = Release|Any CPU
		{5DD64A12-C191-4602-885F-E4C367E4A10F}.Release|iPhoneSimulator.Deploy.0 = Release|Any CPU
	EndGlobalSection
	GlobalSection(SolutionProperties) = preSolution
		HideSolutionNode = FALSE
	EndGlobalSection
	GlobalSection(ExtensibilityGlobals) = postSolution
		SolutionGuid = {A775489C-336E-4E10-A91D-4B2857483029}
	EndGlobalSection
EndGlobal
